
Microsoft Visual Studio Solution File, Format Version 12.00
# Visual Studio Version 16
VisualStudioVersion = 16.0.31424.327
MinimumVisualStudioVersion = 10.0.40219.1
Project("{9A19103F-16F7-4668-BE54-9A1E7A4F7556}") = "CopyBuilding", "CopyBuilding\CopyBuilding.csproj", "{F5ACE23B-5493-4EC8-BF10-33C014B327FF}"
EndProject
Project("{9A19103F-16F7-4668-BE54-9A1E7A4F7556}") = "AedenthornUtils", "AedenthornUtils\AedenthornUtils.csproj", "{C5D98254-CE2B-461A-A579-AEE00ECE0027}"
EndProject
Project("{FAE04EC0-301F-11D3-BF4B-00C04F79EFBC}") = "Test", "Test\Test.csproj", "{829D072C-8FB1-4460-8E70-A1D2A0F435B5}"
EndProject
Project("{FAE04EC0-301F-11D3-BF4B-00C04F79EFBC}") = "ResourceAmounts", "ResourceAmounts\ResourceAmounts.csproj", "{09EB7099-78FB-49AE-873A-BFFE419E843F}"
EndProject
Global
	GlobalSection(SolutionConfigurationPlatforms) = preSolution
		Debug|Any CPU = Debug|Any CPU
		Release|Any CPU = Release|Any CPU
	EndGlobalSection
	GlobalSection(ProjectConfigurationPlatforms) = postSolution
		{F5ACE23B-5493-4EC8-BF10-33C014B327FF}.Debug|Any CPU.ActiveCfg = Debug|Any CPU
		{F5ACE23B-5493-4EC8-BF10-33C014B327FF}.Debug|Any CPU.Build.0 = Debug|Any CPU
		{F5ACE23B-5493-4EC8-BF10-33C014B327FF}.Release|Any CPU.ActiveCfg = Release|Any CPU
		{F5ACE23B-5493-4EC8-BF10-33C014B327FF}.Release|Any CPU.Build.0 = Release|Any CPU
		{C5D98254-CE2B-461A-A579-AEE00ECE0027}.Debug|Any CPU.ActiveCfg = Debug|Any CPU
		{C5D98254-CE2B-461A-A579-AEE00ECE0027}.Debug|Any CPU.Build.0 = Debug|Any CPU
		{C5D98254-CE2B-461A-A579-AEE00ECE0027}.Release|Any CPU.ActiveCfg = Release|Any CPU
		{C5D98254-CE2B-461A-A579-AEE00ECE0027}.Release|Any CPU.Build.0 = Release|Any CPU
		{829D072C-8FB1-4460-8E70-A1D2A0F435B5}.Debug|Any CPU.ActiveCfg = Debug|Any CPU
		{829D072C-8FB1-4460-8E70-A1D2A0F435B5}.Debug|Any CPU.Build.0 = Debug|Any CPU
		{829D072C-8FB1-4460-8E70-A1D2A0F435B5}.Release|Any CPU.ActiveCfg = Release|Any CPU
		{829D072C-8FB1-4460-8E70-A1D2A0F435B5}.Release|Any CPU.Build.0 = Release|Any CPU
		{09EB7099-78FB-49AE-873A-BFFE419E843F}.Debug|Any CPU.ActiveCfg = Debug|Any CPU
		{09EB7099-78FB-49AE-873A-BFFE419E843F}.Debug|Any CPU.Build.0 = Debug|Any CPU
		{09EB7099-78FB-49AE-873A-BFFE419E843F}.Release|Any CPU.ActiveCfg = Release|Any CPU
		{09EB7099-78FB-49AE-873A-BFFE419E843F}.Release|Any CPU.Build.0 = Release|Any CPU
	EndGlobalSection
	GlobalSection(SolutionProperties) = preSolution
		HideSolutionNode = FALSE
	EndGlobalSection
	GlobalSection(ExtensibilityGlobals) = postSolution
		SolutionGuid = {5E6FD493-40BC-4C3F-B409-51234DCA81D1}
	EndGlobalSection
EndGlobal
